github.com/leobrada/golang_utility v0.0.0-20201008112343-ac40ae0d8f37 h1:k6Ri15hFGtWpYZozxuWVYyOtXW1rRWSa79ivaDklBoY=
github.com/leobrada/golang_utility v0.0.0-20201008112343-ac40ae0d8f37/go.mod h1:1/G5yIBxiW76Epg0aaB/NsWUZOURLSDK30Zvqv3pv+w=
github.com/subosito/gotenv v1.2.0 h1:Slr1R9HxAlEKefgq5jn9U+DnETlIUa6HfgEzj0g5d7s=
github.com/subosito/gotenv v1.2.0/go.mod h1:N0PQaV/YGNqwC0u51sEeR/aUtSLEXKX9iv69rRypqCw=
